
Microsoft Visual Studio Solution File, Format Version 12.00
# Visual Studio 15
VisualStudioVersion = 15.0.28307.1738
MinimumVisualStudioVersion = 10.0.40219.1
Project("{FAE04EC0-301F-11D3-BF4B-00C04F79EFBC}") = "RazorTemplate", "RazorTemplate\RazorTemplate.csproj", "{E696057B-6648-4C00-9202-07C9E1F56C3F}"
EndProject
Project("{9A19103F-16F7-4668-BE54-9A1E7A4F7556}") = "RazorPages21", "RazorPages21\RazorPages21.csproj", "{7678D70B-B7AF-4F12-B225-702E82779D33}"
EndProject
Project("{9A19103F-16F7-4668-BE54-9A1E7A4F7556}") = "RazorPages22", "RazorPages22\RazorPages22.csproj", "{DB3B227A-5531-47C0-87E0-DCF600E606EC}"
EndProject
Global
	GlobalSection(SolutionConfigurationPlatforms) = preSolution
		Debug|Any CPU = Debug|Any CPU
		Release|Any CPU = Release|Any CPU
	EndGlobalSection
	GlobalSection(ProjectConfigurationPlatforms) = postSolution
		{E696057B-6648-4C00-9202-07C9E1F56C3F}.Debug|Any CPU.ActiveCfg = Debug|Any CPU
		{E696057B-6648-4C00-9202-07C9E1F56C3F}.Debug|Any CPU.Build.0 = Debug|Any CPU
		{E696057B-6648-4C00-9202-07C9E1F56C3F}.Release|Any CPU.ActiveCfg = Release|Any CPU
		{E696057B-6648-4C00-9202-07C9E1F56C3F}.Release|Any CPU.Build.0 = Release|Any CPU
		{7678D70B-B7AF-4F12-B225-702E82779D33}.Debug|Any CPU.ActiveCfg = Debug|Any CPU
		{7678D70B-B7AF-4F12-B225-702E82779D33}.Debug|Any CPU.Build.0 = Debug|Any CPU
		{7678D70B-B7AF-4F12-B225-702E82779D33}.Release|Any CPU.ActiveCfg = Release|Any CPU
		{7678D70B-B7AF-4F12-B225-702E82779D33}.Release|Any CPU.Build.0 = Release|Any CPU
		{DB3B227A-5531-47C0-87E0-DCF600E606EC}.Debug|Any CPU.ActiveCfg = Debug|Any CPU
		{DB3B227A-5531-47C0-87E0-DCF600E606EC}.Debug|Any CPU.Build.0 = Debug|Any CPU
		{DB3B227A-5531-47C0-87E0-DCF600E606EC}.Release|Any CPU.ActiveCfg = Release|Any CPU
		{DB3B227A-5531-47C0-87E0-DCF600E606EC}.Release|Any CPU.Build.0 = Release|Any CPU
	EndGlobalSection
	GlobalSection(SolutionProperties) = preSolution
		HideSolutionNode = FALSE
	EndGlobalSection
	GlobalSection(ExtensibilityGlobals) = postSolution
		SolutionGuid = {0CFB1249-ED28-4626-9038-DB162B9D772E}
	EndGlobalSection
EndGlobal
